
Microsoft Visual Studio Solution File, Format Version 12.00
# Visual Studio Version 17
VisualStudioVersion = 17.11.35222.181
MinimumVisualStudioVersion = 10.0.40219.1
Project("{9A19103F-16F7-4668-BE54-9A1E7A4F7556}") = "Demo", "Demp\Demo.csproj", "{11486FF2-F8E1-4436-B25E-CA4384AF749F}"
EndProject
Project("{9A19103F-16F7-4668-BE54-9A1E7A4F7556}") = "DemoHub.Client", "ACVS.OSP.NotificationHub.Client\DemoHub.Client.csproj", "{FE5897E2-E099-4C2E-8646-9087102408AF}"
EndProject
Global
	GlobalSection(SolutionConfigurationPlatforms) = preSolution
		Debug|Any CPU = Debug|Any CPU
		Release|Any CPU = Release|Any CPU
	EndGlobalSection
	GlobalSection(ProjectConfigurationPlatforms) = postSolution
		{11486FF2-F8E1-4436-B25E-CA4384AF749F}.Debug|Any CPU.ActiveCfg = Debug|Any CPU
		{11486FF2-F8E1-4436-B25E-CA4384AF749F}.Debug|Any CPU.Build.0 = Debug|Any CPU
		{11486FF2-F8E1-4436-B25E-CA4384AF749F}.Release|Any CPU.ActiveCfg = Release|Any CPU
		{11486FF2-F8E1-4436-B25E-CA4384AF749F}.Release|Any CPU.Build.0 = Release|Any CPU
		{FE5897E2-E099-4C2E-8646-9087102408AF}.Debug|Any CPU.ActiveCfg = Debug|Any CPU
		{FE5897E2-E099-4C2E-8646-9087102408AF}.Debug|Any CPU.Build.0 = Debug|Any CPU
		{FE5897E2-E099-4C2E-8646-9087102408AF}.Release|Any CPU.ActiveCfg = Release|Any CPU
		{FE5897E2-E099-4C2E-8646-9087102408AF}.Release|Any CPU.Build.0 = Release|Any CPU
	EndGlobalSection
	GlobalSection(SolutionProperties) = preSolution
		HideSolutionNode = FALSE
	EndGlobalSection
	GlobalSection(ExtensibilityGlobals) = postSolution
		SolutionGuid = {F00D7E11-BAA3-457F-A7C0-C2EEBA68335E}
	EndGlobalSection
EndGlobal
